
Microsoft Visual Studio Solution File, Format Version 12.00
# Visual Studio Version 16
VisualStudioVersion = 16.0.29613.14
MinimumVisualStudioVersion = 10.0.40219.1
Project("{9A19103F-16F7-4668-BE54-9A1E7A4F7556}") = "BirdIsAWord", "BirdIsAWord.csproj", "{FBCF5A1A-23BE-4DEB-8152-7F95715E5652}"
EndProject
Project("{9A19103F-16F7-4668-BE54-9A1E7A4F7556}") = "BirdIsAWord.Data", "..\BirdIsAWord.Data\BirdIsAWord.Data.csproj", "{D6E82834-838C-41F8-8E35-1ECEE16004D8}"
EndProject
Project("{2150E333-8FDC-42A3-9474-1A3956D46DE8}") = "Solution Items", "Solution Items", "{E499B24F-C450-4ACC-8290-DA103E0A4893}"
	ProjectSection(SolutionItems) = preProject
		.editorconfig = .editorconfig
	EndProjectSection
EndProject
Global
	GlobalSection(SolutionConfigurationPlatforms) = preSolution
		Debug|Any CPU = Debug|Any CPU
		Release|Any CPU = Release|Any CPU
	EndGlobalSection
	GlobalSection(ProjectConfigurationPlatforms) = postSolution
		{FBCF5A1A-23BE-4DEB-8152-7F95715E5652}.Debug|Any CPU.ActiveCfg = Debug|Any CPU
		{FBCF5A1A-23BE-4DEB-8152-7F95715E5652}.Debug|Any CPU.Build.0 = Debug|Any CPU
		{FBCF5A1A-23BE-4DEB-8152-7F95715E5652}.Release|Any CPU.ActiveCfg = Release|Any CPU
		{FBCF5A1A-23BE-4DEB-8152-7F95715E5652}.Release|Any CPU.Build.0 = Release|Any CPU
		{D6E82834-838C-41F8-8E35-1ECEE16004D8}.Debug|Any CPU.ActiveCfg = Debug|Any CPU
		{D6E82834-838C-41F8-8E35-1ECEE16004D8}.Debug|Any CPU.Build.0 = Debug|Any CPU
		{D6E82834-838C-41F8-8E35-1ECEE16004D8}.Release|Any CPU.ActiveCfg = Release|Any CPU
		{D6E82834-838C-41F8-8E35-1ECEE16004D8}.Release|Any CPU.Build.0 = Release|Any CPU
	EndGlobalSection
	GlobalSection(SolutionProperties) = preSolution
		HideSolutionNode = FALSE
	EndGlobalSection
	GlobalSection(ExtensibilityGlobals) = postSolution
		SolutionGuid = {F328A076-0D6C-4ED2-B3FF-36278BD1A5A9}
	EndGlobalSection
EndGlobal
